
Microsoft Visual Studio Solution File, Format Version 12.00
# Visual Studio 15
VisualStudioVersion = 15.0.27130.2024
MinimumVisualStudioVersion = 10.0.40219.1
Project("{9A19103F-16F7-4668-BE54-9A1E7A4F7556}") = "WorldServer", "WorldServer\WorldServer.csproj", "{B736A574-F0AD-43D2-BF24-A54EDC0BCD6B}"
EndProject
Project("{9A19103F-16F7-4668-BE54-9A1E7A4F7556}") = "Common", "Common\Common.csproj", "{63268176-7FF9-4B3E-AAAD-CC7C329F924A}"
EndProject
Project("{9A19103F-16F7-4668-BE54-9A1E7A4F7556}") = "Alpha_3368", "Plugins\Alpha_3368\Alpha_3368.csproj", "{1087E940-0B75-452B-B245-24C77CE80F13}"
EndProject
Project("{9A19103F-16F7-4668-BE54-9A1E7A4F7556}") = "Beta_3592", "Plugins\Beta_3592\Beta_3592.csproj", "{5B87983C-952D-4965-9E99-8F34FA31793D}"
EndProject
Project("{9A19103F-16F7-4668-BE54-9A1E7A4F7556}") = "Beta_3694", "Plugins\Beta_3694\Beta_3694.csproj", "{7C57B76D-DEF2-4EDC-BF5A-A3A2BCEF0BB1}"
EndProject
Project("{9A19103F-16F7-4668-BE54-9A1E7A4F7556}") = "Beta_3734", "Plugins\Beta_3734\Beta_3734.csproj", "{625F1463-6F82-4F56-9B1E-C8F5D366C0B9}"
EndProject
Project("{9A19103F-16F7-4668-BE54-9A1E7A4F7556}") = "Beta_3807", "Plugins\Beta_3807\Beta_3807.csproj", "{0C8366A3-73B1-405F-8742-C356AF0EAC8E}"
EndProject
Project("{9A19103F-16F7-4668-BE54-9A1E7A4F7556}") = "Beta_3892", "Plugins\Beta_3892\Beta_3892.csproj", "{276409AF-8D5E-415B-A61E-BE460AE2FDBC}"
EndProject
Project("{9A19103F-16F7-4668-BE54-9A1E7A4F7556}") = "Beta_3988", "Plugins\Beta_3988\Beta_3988.csproj", "{85FA1408-8526-4F9E-9A04-C9C78D2F31F0}"
EndProject
Project("{9A19103F-16F7-4668-BE54-9A1E7A4F7556}") = "TBC_5610", "Plugins\TBC_5610\TBC_5610.csproj", "{19DD917C-87C6-407E-BFAA-9ECD37155040}"
EndProject
Project("{9A19103F-16F7-4668-BE54-9A1E7A4F7556}") = "Alpha_3494", "Plugins\Alpha_3494\Alpha_3494.csproj", "{FD14FB48-C3D1-40EC-8526-E401661FE24A}"
EndProject
Project("{9A19103F-16F7-4668-BE54-9A1E7A4F7556}") = "Vanilla_4062", "Plugins\Vanilla_4062\Vanilla_4062.csproj", "{EE96708D-5197-4597-9DFF-1594C2B07A2E}"
EndProject
Project("{9A19103F-16F7-4668-BE54-9A1E7A4F7556}") = "Vanilla_4284", "Plugins\Vanilla_4284\Vanilla_4284.csproj", "{44AAD919-477D-4FC0-BED0-EC3C3084EA65}"
EndProject
Project("{9A19103F-16F7-4668-BE54-9A1E7A4F7556}") = "Vanilla_4341", "Plugins\Vanilla_4341\Vanilla_4341.csproj", "{A1897FC3-285B-4584-814B-E379E99013AF}"
EndProject
Project("{9A19103F-16F7-4668-BE54-9A1E7A4F7556}") = "Vanilla_4500", "Plugins\Vanilla_4500\Vanilla_4500.csproj", "{014AC221-24C5-48D8-B48C-761557432D86}"
EndProject
Project("{9A19103F-16F7-4668-BE54-9A1E7A4F7556}") = "Vanilla_4671", "Plugins\Vanilla_4671\Vanilla_4671.csproj", "{0900B1FE-6D32-405C-A31E-A660037A2438}"
EndProject
Project("{9A19103F-16F7-4668-BE54-9A1E7A4F7556}") = "Vanilla_4735", "Plugins\Vanilla_4735\Vanilla_4735.csproj", "{1EC62F54-FCB2-4DD9-AE07-9B7C2C3BE6BF}"
EndProject
Project("{9A19103F-16F7-4668-BE54-9A1E7A4F7556}") = "Vanilla_4937", "Plugins\Vanilla_4937\Vanilla_4937.csproj", "{7396377C-2351-4FD0-BEBD-D6F0A09676A9}"
EndProject
Project("{2150E333-8FDC-42A3-9474-1A3956D46DE8}") = "Pre-Release", "Pre-Release", "{01A59DAF-23D5-4761-969C-0F88F1F50146}"
EndProject
Project("{2150E333-8FDC-42A3-9474-1A3956D46DE8}") = "Vanilla", "Vanilla", "{0C2FCD03-C6C6-4C91-8F66-65444EED0D13}"
EndProject
Project("{2150E333-8FDC-42A3-9474-1A3956D46DE8}") = "TBC", "TBC", "{8158BE62-9D35-44A3-AA31-275B03C2E70F}"
EndProject
Project("{2150E333-8FDC-42A3-9474-1A3956D46DE8}") = "Solution Items", "Solution Items", "{58553722-EA0A-4A81-8DC7-7F40464447D8}"
	ProjectSection(SolutionItems) = preProject
		.editorconfig = .editorconfig
	EndProjectSection
EndProject
Project("{2150E333-8FDC-42A3-9474-1A3956D46DE8}") = "Plugins", "Plugins", "{0E0B4E96-A87C-4F30-A97D-61F4BFB1458E}"
EndProject
Project("{9A19103F-16F7-4668-BE54-9A1E7A4F7556}") = "Vanilla_5195", "Plugins\Vanilla_5195\Vanilla_5195.csproj", "{A1C36A3D-590F-4471-9AE8-71F0B91C8DAE}"
EndProject
Project("{9A19103F-16F7-4668-BE54-9A1E7A4F7556}") = "Vanilla_5428", "Plugins\Vanilla_5428\Vanilla_5428.csproj", "{6E348788-2647-4084-8455-61F26ECE70E9}"
EndProject
Project("{9A19103F-16F7-4668-BE54-9A1E7A4F7556}") = "Vanilla_5595", "Plugins\Vanilla_5595\Vanilla_5595.csproj", "{F48188E7-3A13-4676-A6F2-20F48EC7027A}"
EndProject
Project("{9A19103F-16F7-4668-BE54-9A1E7A4F7556}") = "TBC_5665", "Plugins\TBC_5665\TBC_5665.csproj", "{3453674C-796E-4286-B86E-A2B63CAE4752}"
EndProject
Project("{9A19103F-16F7-4668-BE54-9A1E7A4F7556}") = "TBC_5894", "Plugins\TBC_5894\TBC_5894.csproj", "{0A537192-944F-43D4-B88C-6981C6077E24}"
EndProject
Project("{9A19103F-16F7-4668-BE54-9A1E7A4F7556}") = "TBC_5965", "Plugins\TBC_5965\TBC_5965.csproj", "{5F7C1CBA-906F-46B7-9501-F6B3D667B9FA}"
EndProject
Project("{9A19103F-16F7-4668-BE54-9A1E7A4F7556}") = "TBC_6082", "Plugins\TBC_6082\TBC_6082.csproj", "{A9B7C7C6-0930-4758-A809-002568B3E090}"
EndProject
Project("{FAE04EC0-301F-11D3-BF4B-00C04F79EFBC}") = "TBC_6178", "Plugins\TBC_6178\TBC_6178.csproj", "{935750DE-7307-471E-92F1-EE7C28B4A4FE}"
EndProject
Global
	GlobalSection(SolutionConfigurationPlatforms) = preSolution
		Debug|Any CPU = Debug|Any CPU
		Release|Any CPU = Release|Any CPU
	EndGlobalSection
	GlobalSection(ProjectConfigurationPlatforms) = postSolution
		{B736A574-F0AD-43D2-BF24-A54EDC0BCD6B}.Debug|Any CPU.ActiveCfg = Debug|Any CPU
		{B736A574-F0AD-43D2-BF24-A54EDC0BCD6B}.Debug|Any CPU.Build.0 = Debug|Any CPU
		{B736A574-F0AD-43D2-BF24-A54EDC0BCD6B}.Release|Any CPU.ActiveCfg = Release|Any CPU
		{B736A574-F0AD-43D2-BF24-A54EDC0BCD6B}.Release|Any CPU.Build.0 = Release|Any CPU
		{63268176-7FF9-4B3E-AAAD-CC7C329F924A}.Debug|Any CPU.ActiveCfg = Debug|Any CPU
		{63268176-7FF9-4B3E-AAAD-CC7C329F924A}.Debug|Any CPU.Build.0 = Debug|Any CPU
		{63268176-7FF9-4B3E-AAAD-CC7C329F924A}.Release|Any CPU.ActiveCfg = Release|Any CPU
		{63268176-7FF9-4B3E-AAAD-CC7C329F924A}.Release|Any CPU.Build.0 = Release|Any CPU
		{1087E940-0B75-452B-B245-24C77CE80F13}.Debug|Any CPU.ActiveCfg = Debug|Any CPU
		{1087E940-0B75-452B-B245-24C77CE80F13}.Debug|Any CPU.Build.0 = Debug|Any CPU
		{1087E940-0B75-452B-B245-24C77CE80F13}.Release|Any CPU.ActiveCfg = Release|Any CPU
		{1087E940-0B75-452B-B245-24C77CE80F13}.Release|Any CPU.Build.0 = Release|Any CPU
		{5B87983C-952D-4965-9E99-8F34FA31793D}.Debug|Any CPU.ActiveCfg = Debug|Any CPU
		{5B87983C-952D-4965-9E99-8F34FA31793D}.Debug|Any CPU.Build.0 = Debug|Any CPU
		{5B87983C-952D-4965-9E99-8F34FA31793D}.Release|Any CPU.ActiveCfg = Release|Any CPU
		{5B87983C-952D-4965-9E99-8F34FA31793D}.Release|Any CPU.Build.0 = Release|Any CPU
		{7C57B76D-DEF2-4EDC-BF5A-A3A2BCEF0BB1}.Debug|Any CPU.ActiveCfg = Debug|Any CPU
		{7C57B76D-DEF2-4EDC-BF5A-A3A2BCEF0BB1}.Debug|Any CPU.Build.0 = Debug|Any CPU
		{7C57B76D-DEF2-4EDC-BF5A-A3A2BCEF0BB1}.Release|Any CPU.ActiveCfg = Release|Any CPU
		{7C57B76D-DEF2-4EDC-BF5A-A3A2BCEF0BB1}.Release|Any CPU.Build.0 = Release|Any CPU
		{625F1463-6F82-4F56-9B1E-C8F5D366C0B9}.Debug|Any CPU.ActiveCfg = Debug|Any CPU
		{625F1463-6F82-4F56-9B1E-C8F5D366C0B9}.Debug|Any CPU.Build.0 = Debug|Any CPU
		{625F1463-6F82-4F56-9B1E-C8F5D366C0B9}.Release|Any CPU.ActiveCfg = Release|Any CPU
		{625F1463-6F82-4F56-9B1E-C8F5D366C0B9}.Release|Any CPU.Build.0 = Release|Any CPU
		{0C8366A3-73B1-405F-8742-C356AF0EAC8E}.Debug|Any CPU.ActiveCfg = Debug|Any CPU
		{0C8366A3-73B1-405F-8742-C356AF0EAC8E}.Debug|Any CPU.Build.0 = Debug|Any CPU
		{0C8366A3-73B1-405F-8742-C356AF0EAC8E}.Release|Any CPU.ActiveCfg = Release|Any CPU
		{0C8366A3-73B1-405F-8742-C356AF0EAC8E}.Release|Any CPU.Build.0 = Release|Any CPU
		{276409AF-8D5E-415B-A61E-BE460AE2FDBC}.Debug|Any CPU.ActiveCfg = Debug|Any CPU
		{276409AF-8D5E-415B-A61E-BE460AE2FDBC}.Debug|Any CPU.Build.0 = Debug|Any CPU
		{276409AF-8D5E-415B-A61E-BE460AE2FDBC}.Release|Any CPU.ActiveCfg = Release|Any CPU
		{276409AF-8D5E-415B-A61E-BE460AE2FDBC}.Release|Any CPU.Build.0 = Release|Any CPU
		{85FA1408-8526-4F9E-9A04-C9C78D2F31F0}.Debug|Any CPU.ActiveCfg = Debug|Any CPU
		{85FA1408-8526-4F9E-9A04-C9C78D2F31F0}.Debug|Any CPU.Build.0 = Debug|Any CPU
		{85FA1408-8526-4F9E-9A04-C9C78D2F31F0}.Release|Any CPU.ActiveCfg = Release|Any CPU
		{85FA1408-8526-4F9E-9A04-C9C78D2F31F0}.Release|Any CPU.Build.0 = Release|Any CPU
		{19DD917C-87C6-407E-BFAA-9ECD37155040}.Debug|Any CPU.ActiveCfg = Debug|Any CPU
		{19DD917C-87C6-407E-BFAA-9ECD37155040}.Debug|Any CPU.Build.0 = Debug|Any CPU
		{19DD917C-87C6-407E-BFAA-9ECD37155040}.Release|Any CPU.ActiveCfg = Release|Any CPU
		{19DD917C-87C6-407E-BFAA-9ECD37155040}.Release|Any CPU.Build.0 = Release|Any CPU
		{FD14FB48-C3D1-40EC-8526-E401661FE24A}.Debug|Any CPU.ActiveCfg = Debug|Any CPU
		{FD14FB48-C3D1-40EC-8526-E401661FE24A}.Debug|Any CPU.Build.0 = Debug|Any CPU
		{FD14FB48-C3D1-40EC-8526-E401661FE24A}.Release|Any CPU.ActiveCfg = Release|Any CPU
		{FD14FB48-C3D1-40EC-8526-E401661FE24A}.Release|Any CPU.Build.0 = Release|Any CPU
		{EE96708D-5197-4597-9DFF-1594C2B07A2E}.Debug|Any CPU.ActiveCfg = Debug|Any CPU
		{EE96708D-5197-4597-9DFF-1594C2B07A2E}.Debug|Any CPU.Build.0 = Debug|Any CPU
		{EE96708D-5197-4597-9DFF-1594C2B07A2E}.Release|Any CPU.ActiveCfg = Release|Any CPU
		{EE96708D-5197-4597-9DFF-1594C2B07A2E}.Release|Any CPU.Build.0 = Release|Any CPU
		{44AAD919-477D-4FC0-BED0-EC3C3084EA65}.Debug|Any CPU.ActiveCfg = Debug|Any CPU
		{44AAD919-477D-4FC0-BED0-EC3C3084EA65}.Debug|Any CPU.Build.0 = Debug|Any CPU
		{44AAD919-477D-4FC0-BED0-EC3C3084EA65}.Release|Any CPU.ActiveCfg = Release|Any CPU
		{44AAD919-477D-4FC0-BED0-EC3C3084EA65}.Release|Any CPU.Build.0 = Release|Any CPU
		{A1897FC3-285B-4584-814B-E379E99013AF}.Debug|Any CPU.ActiveCfg = Debug|Any CPU
		{A1897FC3-285B-4584-814B-E379E99013AF}.Debug|Any CPU.Build.0 = Debug|Any CPU
		{A1897FC3-285B-4584-814B-E379E99013AF}.Release|Any CPU.ActiveCfg = Release|Any CPU
		{A1897FC3-285B-4584-814B-E379E99013AF}.Release|Any CPU.Build.0 = Release|Any CPU
		{014AC221-24C5-48D8-B48C-761557432D86}.Debug|Any CPU.ActiveCfg = Debug|Any CPU
		{014AC221-24C5-48D8-B48C-761557432D86}.Debug|Any CPU.Build.0 = Debug|Any CPU
		{014AC221-24C5-48D8-B48C-761557432D86}.Release|Any CPU.ActiveCfg = Release|Any CPU
		{014AC221-24C5-48D8-B48C-761557432D86}.Release|Any CPU.Build.0 = Release|Any CPU
		{0900B1FE-6D32-405C-A31E-A660037A2438}.Debug|Any CPU.ActiveCfg = Debug|Any CPU
		{0900B1FE-6D32-405C-A31E-A660037A2438}.Debug|Any CPU.Build.0 = Debug|Any CPU
		{0900B1FE-6D32-405C-A31E-A660037A2438}.Release|Any CPU.ActiveCfg = Release|Any CPU
		{0900B1FE-6D32-405C-A31E-A660037A2438}.Release|Any CPU.Build.0 = Release|Any CPU
		{1EC62F54-FCB2-4DD9-AE07-9B7C2C3BE6BF}.Debug|Any CPU.ActiveCfg = Debug|Any CPU
		{1EC62F54-FCB2-4DD9-AE07-9B7C2C3BE6BF}.Debug|Any CPU.Build.0 = Debug|Any CPU
		{1EC62F54-FCB2-4DD9-AE07-9B7C2C3BE6BF}.Release|Any CPU.ActiveCfg = Release|Any CPU
		{1EC62F54-FCB2-4DD9-AE07-9B7C2C3BE6BF}.Release|Any CPU.Build.0 = Release|Any CPU
		{7396377C-2351-4FD0-BEBD-D6F0A09676A9}.Debug|Any CPU.ActiveCfg = Debug|Any CPU
		{7396377C-2351-4FD0-BEBD-D6F0A09676A9}.Debug|Any CPU.Build.0 = Debug|Any CPU
		{7396377C-2351-4FD0-BEBD-D6F0A09676A9}.Release|Any CPU.ActiveCfg = Release|Any CPU
		{7396377C-2351-4FD0-BEBD-D6F0A09676A9}.Release|Any CPU.Build.0 = Release|Any CPU
		{A1C36A3D-590F-4471-9AE8-71F0B91C8DAE}.Debug|Any CPU.ActiveCfg = Debug|Any CPU
		{A1C36A3D-590F-4471-9AE8-71F0B91C8DAE}.Debug|Any CPU.Build.0 = Debug|Any CPU
		{A1C36A3D-590F-4471-9AE8-71F0B91C8DAE}.Release|Any CPU.ActiveCfg = Release|Any CPU
		{A1C36A3D-590F-4471-9AE8-71F0B91C8DAE}.Release|Any CPU.Build.0 = Release|Any CPU
		{6E348788-2647-4084-8455-61F26ECE70E9}.Debug|Any CPU.ActiveCfg = Debug|Any CPU
		{6E348788-2647-4084-8455-61F26ECE70E9}.Debug|Any CPU.Build.0 = Debug|Any CPU
		{6E348788-2647-4084-8455-61F26ECE70E9}.Release|Any CPU.ActiveCfg = Release|Any CPU
		{6E348788-2647-4084-8455-61F26ECE70E9}.Release|Any CPU.Build.0 = Release|Any CPU
		{F48188E7-3A13-4676-A6F2-20F48EC7027A}.Debug|Any CPU.ActiveCfg = Debug|Any CPU
		{F48188E7-3A13-4676-A6F2-20F48EC7027A}.Debug|Any CPU.Build.0 = Debug|Any CPU
		{F48188E7-3A13-4676-A6F2-20F48EC7027A}.Release|Any CPU.ActiveCfg = Release|Any CPU
		{F48188E7-3A13-4676-A6F2-20F48EC7027A}.Release|Any CPU.Build.0 = Release|Any CPU
		{3453674C-796E-4286-B86E-A2B63CAE4752}.Debug|Any CPU.ActiveCfg = Debug|Any CPU
		{3453674C-796E-4286-B86E-A2B63CAE4752}.Debug|Any CPU.Build.0 = Debug|Any CPU
		{3453674C-796E-4286-B86E-A2B63CAE4752}.Release|Any CPU.ActiveCfg = Release|Any CPU
		{3453674C-796E-4286-B86E-A2B63CAE4752}.Release|Any CPU.Build.0 = Release|Any CPU
		{0A537192-944F-43D4-B88C-6981C6077E24}.Debug|Any CPU.ActiveCfg = Debug|Any CPU
		{0A537192-944F-43D4-B88C-6981C6077E24}.Debug|Any CPU.Build.0 = Debug|Any CPU
		{0A537192-944F-43D4-B88C-6981C6077E24}.Release|Any CPU.ActiveCfg = Release|Any CPU
		{0A537192-944F-43D4-B88C-6981C6077E24}.Release|Any CPU.Build.0 = Release|Any CPU
		{5F7C1CBA-906F-46B7-9501-F6B3D667B9FA}.Debug|Any CPU.ActiveCfg = Debug|Any CPU
		{5F7C1CBA-906F-46B7-9501-F6B3D667B9FA}.Debug|Any CPU.Build.0 = Debug|Any CPU
		{5F7C1CBA-906F-46B7-9501-F6B3D667B9FA}.Release|Any CPU.ActiveCfg = Release|Any CPU
		{5F7C1CBA-906F-46B7-9501-F6B3D667B9FA}.Release|Any CPU.Build.0 = Release|Any CPU
		{A9B7C7C6-0930-4758-A809-002568B3E090}.Debug|Any CPU.ActiveCfg = Debug|Any CPU
		{A9B7C7C6-0930-4758-A809-002568B3E090}.Debug|Any CPU.Build.0 = Debug|Any CPU
		{A9B7C7C6-0930-4758-A809-002568B3E090}.Release|Any CPU.ActiveCfg = Release|Any CPU
		{A9B7C7C6-0930-4758-A809-002568B3E090}.Release|Any CPU.Build.0 = Release|Any CPU
		{935750DE-7307-471E-92F1-EE7C28B4A4FE}.Debug|Any CPU.ActiveCfg = Debug|Any CPU
		{935750DE-7307-471E-92F1-EE7C28B4A4FE}.Debug|Any CPU.Build.0 = Debug|Any CPU
		{935750DE-7307-471E-92F1-EE7C28B4A4FE}.Release|Any CPU.ActiveCfg = Release|Any CPU
		{935750DE-7307-471E-92F1-EE7C28B4A4FE}.Release|Any CPU.Build.0 = Release|Any CPU
	EndGlobalSection
	GlobalSection(SolutionProperties) = preSolution
		HideSolutionNode = FALSE
	EndGlobalSection
	GlobalSection(NestedProjects) = preSolution
		{1087E940-0B75-452B-B245-24C77CE80F13} = {01A59DAF-23D5-4761-969C-0F88F1F50146}
		{5B87983C-952D-4965-9E99-8F34FA31793D} = {01A59DAF-23D5-4761-969C-0F88F1F50146}
		{7C57B76D-DEF2-4EDC-BF5A-A3A2BCEF0BB1} = {01A59DAF-23D5-4761-969C-0F88F1F50146}
		{625F1463-6F82-4F56-9B1E-C8F5D366C0B9} = {01A59DAF-23D5-4761-969C-0F88F1F50146}
		{0C8366A3-73B1-405F-8742-C356AF0EAC8E} = {01A59DAF-23D5-4761-969C-0F88F1F50146}
		{276409AF-8D5E-415B-A61E-BE460AE2FDBC} = {01A59DAF-23D5-4761-969C-0F88F1F50146}
		{85FA1408-8526-4F9E-9A04-C9C78D2F31F0} = {01A59DAF-23D5-4761-969C-0F88F1F50146}
		{19DD917C-87C6-407E-BFAA-9ECD37155040} = {8158BE62-9D35-44A3-AA31-275B03C2E70F}
		{FD14FB48-C3D1-40EC-8526-E401661FE24A} = {01A59DAF-23D5-4761-969C-0F88F1F50146}
		{EE96708D-5197-4597-9DFF-1594C2B07A2E} = {0C2FCD03-C6C6-4C91-8F66-65444EED0D13}
		{44AAD919-477D-4FC0-BED0-EC3C3084EA65} = {0C2FCD03-C6C6-4C91-8F66-65444EED0D13}
		{A1897FC3-285B-4584-814B-E379E99013AF} = {0C2FCD03-C6C6-4C91-8F66-65444EED0D13}
		{014AC221-24C5-48D8-B48C-761557432D86} = {0C2FCD03-C6C6-4C91-8F66-65444EED0D13}
		{0900B1FE-6D32-405C-A31E-A660037A2438} = {0C2FCD03-C6C6-4C91-8F66-65444EED0D13}
		{1EC62F54-FCB2-4DD9-AE07-9B7C2C3BE6BF} = {0C2FCD03-C6C6-4C91-8F66-65444EED0D13}
		{7396377C-2351-4FD0-BEBD-D6F0A09676A9} = {0C2FCD03-C6C6-4C91-8F66-65444EED0D13}
		{01A59DAF-23D5-4761-969C-0F88F1F50146} = {0E0B4E96-A87C-4F30-A97D-61F4BFB1458E}
		{0C2FCD03-C6C6-4C91-8F66-65444EED0D13} = {0E0B4E96-A87C-4F30-A97D-61F4BFB1458E}
		{8158BE62-9D35-44A3-AA31-275B03C2E70F} = {0E0B4E96-A87C-4F30-A97D-61F4BFB1458E}
		{A1C36A3D-590F-4471-9AE8-71F0B91C8DAE} = {0C2FCD03-C6C6-4C91-8F66-65444EED0D13}
		{6E348788-2647-4084-8455-61F26ECE70E9} = {0C2FCD03-C6C6-4C91-8F66-65444EED0D13}
		{F48188E7-3A13-4676-A6F2-20F48EC7027A} = {0C2FCD03-C6C6-4C91-8F66-65444EED0D13}
		{3453674C-796E-4286-B86E-A2B63CAE4752} = {8158BE62-9D35-44A3-AA31-275B03C2E70F}
		{0A537192-944F-43D4-B88C-6981C6077E24} = {8158BE62-9D35-44A3-AA31-275B03C2E70F}
		{5F7C1CBA-906F-46B7-9501-F6B3D667B9FA} = {8158BE62-9D35-44A3-AA31-275B03C2E70F}
		{A9B7C7C6-0930-4758-A809-002568B3E090} = {8158BE62-9D35-44A3-AA31-275B03C2E70F}
		{935750DE-7307-471E-92F1-EE7C28B4A4FE} = {8158BE62-9D35-44A3-AA31-275B03C2E70F}
	EndGlobalSection
	GlobalSection(ExtensibilityGlobals) = postSolution
		SolutionGuid = {6B3E5E47-F534-40C5-8A61-5C3B3ABB1030}
	EndGlobalSection
EndGlobal
